
Microsoft Visual Studio Solution File, Format Version 12.00
Project("{FAE04EC0-301F-11D3-BF4B-00C04F79EFBC}") = "Infflow", "Infflow\Infflow.csproj", "{7E7174D5-586D-4C6F-A09B-1892CE4B3098}"
EndProject
Project("{FAE04EC0-301F-11D3-BF4B-00C04F79EFBC}") = "Emotion", "..\Emotion\Emotion\Emotion.csproj", "{946C353C-6155-4DF4-9167-E25D19A89B36}"
EndProject
Project("{FAE04EC0-301F-11D3-BF4B-00C04F79EFBC}") = "Emotion.Plugins.ImGuiNet", "..\Emotion\Emotion.Plugins.ImGuiNet\Emotion.Plugins.ImGuiNet.csproj", "{260B6C24-6981-4F72-95D7-4DCD162E67A0}"
EndProject
Project("{FAE04EC0-301F-11D3-BF4B-00C04F79EFBC}") = "Emotion.Tools", "..\Emotion\Emotion.Tools\Emotion.Tools.csproj", "{12A2B76F-6BE2-4304-AF54-FE012FD2579A}"
EndProject
Global
	GlobalSection(SolutionConfigurationPlatforms) = preSolution
		Debug|Any CPU = Debug|Any CPU
		Release|Any CPU = Release|Any CPU
	EndGlobalSection
	GlobalSection(ProjectConfigurationPlatforms) = postSolution
		{7E7174D5-586D-4C6F-A09B-1892CE4B3098}.Debug|Any CPU.ActiveCfg = Debug|Any CPU
		{7E7174D5-586D-4C6F-A09B-1892CE4B3098}.Debug|Any CPU.Build.0 = Debug|Any CPU
		{7E7174D5-586D-4C6F-A09B-1892CE4B3098}.Release|Any CPU.ActiveCfg = Release|Any CPU
		{7E7174D5-586D-4C6F-A09B-1892CE4B3098}.Release|Any CPU.Build.0 = Release|Any CPU
		{946C353C-6155-4DF4-9167-E25D19A89B36}.Debug|Any CPU.ActiveCfg = Debug|Any CPU
		{946C353C-6155-4DF4-9167-E25D19A89B36}.Debug|Any CPU.Build.0 = Debug|Any CPU
		{946C353C-6155-4DF4-9167-E25D19A89B36}.Release|Any CPU.ActiveCfg = Release|Any CPU
		{946C353C-6155-4DF4-9167-E25D19A89B36}.Release|Any CPU.Build.0 = Release|Any CPU
		{260B6C24-6981-4F72-95D7-4DCD162E67A0}.Debug|Any CPU.ActiveCfg = Debug|Any CPU
		{260B6C24-6981-4F72-95D7-4DCD162E67A0}.Debug|Any CPU.Build.0 = Debug|Any CPU
		{260B6C24-6981-4F72-95D7-4DCD162E67A0}.Release|Any CPU.ActiveCfg = Release|Any CPU
		{260B6C24-6981-4F72-95D7-4DCD162E67A0}.Release|Any CPU.Build.0 = Release|Any CPU
		{12A2B76F-6BE2-4304-AF54-FE012FD2579A}.Debug|Any CPU.ActiveCfg = Debug|Any CPU
		{12A2B76F-6BE2-4304-AF54-FE012FD2579A}.Debug|Any CPU.Build.0 = Debug|Any CPU
		{12A2B76F-6BE2-4304-AF54-FE012FD2579A}.Release|Any CPU.ActiveCfg = Release|Any CPU
		{12A2B76F-6BE2-4304-AF54-FE012FD2579A}.Release|Any CPU.Build.0 = Release|Any CPU
	EndGlobalSection
EndGlobal
